// !$*UTF8*$!
{
	archiveVersion = 1;
	classes = {
	};
	objectVersion = 46;
	objects = {

/* Begin PBXBuildFile section */
		1A10D78119D2779F002E2B2F /* AFHTTPRequestOperation.m in Sources */ = {isa = PBXBuildFile; fileRef = 1A10D76F19D2779F002E2B2F /* AFHTTPRequestOperation.m */; };
		1A10D78219D2779F002E2B2F /* AFHTTPRequestOperationManager.m in Sources */ = {isa = PBXBuildFile; fileRef = 1A10D77119D2779F002E2B2F /* AFHTTPRequestOperationManager.m */; };
		1A10D78319D2779F002E2B2F /* AFHTTPSessionManager.m in Sources */ = {isa = PBXBuildFile; fileRef = 1A10D77319D2779F002E2B2F /* AFHTTPSessionManager.m */; };
		1A10D78419D2779F002E2B2F /* AFNetworkReachabilityManager.m in Sources */ = {isa = PBXBuildFile; fileRef = 1A10D77619D2779F002E2B2F /* AFNetworkReachabilityManager.m */; };
		1A10D78519D2779F002E2B2F /* AFSecurityPolicy.m in Sources */ = {isa = PBXBuildFile; fileRef = 1A10D77819D2779F002E2B2F /* AFSecurityPolicy.m */; };
		1A10D78619D2779F002E2B2F /* AFURLConnectionOperation.m in Sources */ = {isa = PBXBuildFile; fileRef = 1A10D77A19D2779F002E2B2F /* AFURLConnectionOperation.m */; };
		1A10D78719D2779F002E2B2F /* AFURLRequestSerialization.m in Sources */ = {isa = PBXBuildFile; fileRef = 1A10D77C19D2779F002E2B2F /* AFURLRequestSerialization.m */; };
		1A10D78819D2779F002E2B2F /* AFURLResponseSerialization.m in Sources */ = {isa = PBXBuildFile; fileRef = 1A10D77E19D2779F002E2B2F /* AFURLResponseSerialization.m */; };
		1A10D78919D2779F002E2B2F /* AFURLSessionManager.m in Sources */ = {isa = PBXBuildFile; fileRef = 1A10D78019D2779F002E2B2F /* AFURLSessionManager.m */; };
		1A10D78C19D27B88002E2B2F /* IGImageModel.m in Sources */ = {isa = PBXBuildFile; fileRef = 1A10D78B19D27B88002E2B2F /* IGImageModel.m */; };
		1A10D78F19D27BC6002E2B2F /* ResolutionModel.m in Sources */ = {isa = PBXBuildFile; fileRef = 1A10D78E19D27BC6002E2B2F /* ResolutionModel.m */; };
		1A10D79519D28E41002E2B2F /* IGCell.m in Sources */ = {isa = PBXBuildFile; fileRef = 1A10D79419D28E41002E2B2F /* IGCell.m */; };
		1A217D0019D25B1C0028C7D5 /* APIManager.m in Sources */ = {isa = PBXBuildFile; fileRef = 1A217CFF19D25B1C0028C7D5 /* APIManager.m */; };
		1A7959C819D25737005A66D3 /* main.m in Sources */ = {isa = PBXBuildFile; fileRef = 1A7959C719D25737005A66D3 /* main.m */; };
		1A7959CB19D25737005A66D3 /* AppDelegate.m in Sources */ = {isa = PBXBuildFile; fileRef = 1A7959CA19D25737005A66D3 /* AppDelegate.m */; };
		1A7959CE19D25737005A66D3 /* SelfieCollectionViewController.m in Sources */ = {isa = PBXBuildFile; fileRef = 1A7959CD19D25737005A66D3 /* SelfieCollectionViewController.m */; };
		1A7959D119D25737005A66D3 /* DetailViewController.m in Sources */ = {isa = PBXBuildFile; fileRef = 1A7959D019D25737005A66D3 /* DetailViewController.m */; };
		1A7959D419D25737005A66D3 /* Main.storyboard in Resources */ = {isa = PBXBuildFile; fileRef = 1A7959D219D25737005A66D3 /* Main.storyboard */; };
		1A7959D619D25737005A66D3 /* Images.xcassets in Resources */ = {isa = PBXBuildFile; fileRef = 1A7959D519D25737005A66D3 /* Images.xcassets */; };
		1A7959D919D25737005A66D3 /* LaunchScreen.xib in Resources */ = {isa = PBXBuildFile; fileRef = 1A7959D719D25737005A66D3 /* LaunchScreen.xib */; };
		1A7959E519D25737005A66D3 /* SelfieInstaTests.m in Sources */ = {isa = PBXBuildFile; fileRef = 1A7959E419D25737005A66D3 /* SelfieInstaTests.m */; };
/* End PBXBuildFile section */

/* Begin PBXContainerItemProxy section */
		1A7959DF19D25737005A66D3 /* PBXContainerItemProxy */ = {
			isa = PBXContainerItemProxy;
			containerPortal = 1A7959BA19D25737005A66D3 /* Project object */;
			proxyType = 1;
			remoteGlobalIDString = 1A7959C119D25737005A66D3;
			remoteInfo = SelfieInsta;
		};
/* End PBXContainerItemProxy section */

/* Begin PBXFileReference section */
		1A10D76E19D2779F002E2B2F /* AFHTTPRequestOperation.h */ = {isa = PBXFileReference; fileEncoding = 4; lastKnownFileType = sourcecode.c.h; path = AFHTTPRequestOperation.h; sourceTree = "<group>"; };
		1A10D76F19D2779F002E2B2F /* AFHTTPRequestOperation.m */ = {isa = PBXFileReference; fileEncoding = 4; lastKnownFileType = sourcecode.c.objc; path = AFHTTPRequestOperation.m; sourceTree = "<group>"; };
		1A10D77019D2779F002E2B2F /* AFHTTPRequestOperationManager.h */ = {isa = PBXFileReference; fileEncoding = 4; lastKnownFileType = sourcecode.c.h; path = AFHTTPRequestOperationManager.h; sourceTree = "<group>"; };
		1A10D77119D2779F002E2B2F /* AFHTTPRequestOperationManager.m */ = {isa = PBXFileReference; fileEncoding = 4; lastKnownFileType = sourcecode.c.objc; path = AFHTTPRequestOperationManager.m; sourceTree = "<group>"; };
		1A10D77219D2779F002E2B2F /* AFHTTPSessionManager.h */ = {isa = PBXFileReference; fileEncoding = 4; lastKnownFileType = sourcecode.c.h; path = AFHTTPSessionManager.h; sourceTree = "<group>"; };
		1A10D77319D2779F002E2B2F /* AFHTTPSessionManager.m */ = {isa = PBXFileReference; fileEncoding = 4; lastKnownFileType = sourcecode.c.objc; path = AFHTTPSessionManager.m; sourceTree = "<group>"; };
		1A10D77419D2779F002E2B2F /* AFNetworking.h */ = {isa = PBXFileReference; fileEncoding = 4; lastKnownFileType = sourcecode.c.h; path = AFNetworking.h; sourceTree = "<group>"; };
		1A10D77519D2779F002E2B2F /* AFNetworkReachabilityManager.h */ = {isa = PBXFileReference; fileEncoding = 4; lastKnownFileType = sourcecode.c.h; path = AFNetworkReachabilityManager.h; sourceTree = "<group>"; };
		1A10D77619D2779F002E2B2F /* AFNetworkReachabilityManager.m */ = {isa = PBXFileReference; fileEncoding = 4; lastKnownFileType = sourcecode.c.objc; path = AFNetworkReachabilityManager.m; sourceTree = "<group>"; };
		1A10D77719D2779F002E2B2F /* AFSecurityPolicy.h */ = {isa = PBXFileReference; fileEncoding = 4; lastKnownFileType = sourcecode.c.h; path = AFSecurityPolicy.h; sourceTree = "<group>"; };
		1A10D77819D2779F002E2B2F /* AFSecurityPolicy.m */ = {isa = PBXFileReference; fileEncoding = 4; lastKnownFileType = sourcecode.c.objc; path = AFSecurityPolicy.m; sourceTree = "<group>"; };
		1A10D77919D2779F002E2B2F /* AFURLConnectionOperation.h */ = {isa = PBXFileReference; fileEncoding = 4; lastKnownFileType = sourcecode.c.h; path = AFURLConnectionOperation.h; sourceTree = "<group>"; };
		1A10D77A19D2779F002E2B2F /* AFURLConnectionOperation.m */ = {isa = PBXFileReference; fileEncoding = 4; lastKnownFileType = sourcecode.c.objc; path = AFURLConnectionOperation.m; sourceTree = "<group>"; };
		1A10D77B19D2779F002E2B2F /* AFURLRequestSerialization.h */ = {isa = PBXFileReference; fileEncoding = 4; lastKnownFileType = sourcecode.c.h; path = AFURLRequestSerialization.h; sourceTree = "<group>"; };
		1A10D77C19D2779F002E2B2F /* AFURLRequestSerialization.m */ = {isa = PBXFileReference; fileEncoding = 4; lastKnownFileType = sourcecode.c.objc; path = AFURLRequestSerialization.m; sourceTree = "<group>"; };
		1A10D77D19D2779F002E2B2F /* AFURLResponseSerialization.h */ = {isa = PBXFileReference; fileEncoding = 4; lastKnownFileType = sourcecode.c.h; path = AFURLResponseSerialization.h; sourceTree = "<group>"; };
		1A10D77E19D2779F002E2B2F /* AFURLResponseSerialization.m */ = {isa = PBXFileReference; fileEncoding = 4; lastKnownFileType = sourcecode.c.objc; path = AFURLResponseSerialization.m; sourceTree = "<group>"; };
		1A10D77F19D2779F002E2B2F /* AFURLSessionManager.h */ = {isa = PBXFileReference; fileEncoding = 4; lastKnownFileType = sourcecode.c.h; path = AFURLSessionManager.h; sourceTree = "<group>"; };
		1A10D78019D2779F002E2B2F /* AFURLSessionManager.m */ = {isa = PBXFileReference; fileEncoding = 4; lastKnownFileType = sourcecode.c.objc; path = AFURLSessionManager.m; sourceTree = "<group>"; };
		1A10D78A19D27B88002E2B2F /* IGImageModel.h */ = {isa = PBXFileReference; fileEncoding = 4; lastKnownFileType = sourcecode.c.h; path = IGImageModel.h; sourceTree = "<group>"; };
		1A10D78B19D27B88002E2B2F /* IGImageModel.m */ = {isa = PBXFileReference; fileEncoding = 4; lastKnownFileType = sourcecode.c.objc; path = IGImageModel.m; sourceTree = "<group>"; };
		1A10D78D19D27BC6002E2B2F /* ResolutionModel.h */ = {isa = PBXFileReference; fileEncoding = 4; lastKnownFileType = sourcecode.c.h; path = ResolutionModel.h; sourceTree = "<group>"; };
		1A10D78E19D27BC6002E2B2F /* ResolutionModel.m */ = {isa = PBXFileReference; fileEncoding = 4; lastKnownFileType = sourcecode.c.objc; path = ResolutionModel.m; sourceTree = "<group>"; };
		1A10D79319D28E41002E2B2F /* IGCell.h */ = {isa = PBXFileReference; fileEncoding = 4; lastKnownFileType = sourcecode.c.h; path = IGCell.h; sourceTree = "<group>"; };
		1A10D79419D28E41002E2B2F /* IGCell.m */ = {isa = PBXFileReference; fileEncoding = 4; lastKnownFileType = sourcecode.c.objc; path = IGCell.m; sourceTree = "<group>"; };
		1A217CFE19D25B1C0028C7D5 /* APIManager.h */ = {isa = PBXFileReference; fileEncoding = 4; lastKnownFileType = sourcecode.c.h; path = APIManager.h; sourceTree = "<group>"; };
		1A217CFF19D25B1C0028C7D5 /* APIManager.m */ = {isa = PBXFileReference; fileEncoding = 4; lastKnownFileType = sourcecode.c.objc; path = APIManager.m; sourceTree = "<group>"; };
		1A7959C219D25737005A66D3 /* SelfieInsta.app */ = {isa = PBXFileReference; explicitFileType = wrapper.application; includeInIndex = 0; path = SelfieInsta.app; sourceTree = BUILT_PRODUCTS_DIR; };
		1A7959C619D25737005A66D3 /* Info.plist */ = {isa = PBXFileReference; lastKnownFileType = text.plist.xml; path = Info.plist; sourceTree = "<group>"; };
		1A7959C719D25737005A66D3 /* main.m */ = {isa = PBXFileReference; lastKnownFileType = sourcecode.c.objc; path = main.m; sourceTree = "<group>"; };
		1A7959C919D25737005A66D3 /* AppDelegate.h */ = {isa = PBXFileReference; lastKnownFileType = sourcecode.c.h; path = AppDelegate.h; sourceTree = "<group>"; };
		1A7959CA19D25737005A66D3 /* AppDelegate.m */ = {isa = PBXFileReference; lastKnownFileType = sourcecode.c.objc; path = AppDelegate.m; sourceTree = "<group>"; };
		1A7959CC19D25737005A66D3 /* SelfieCollectionViewController.h */ = {isa = PBXFileReference; lastKnownFileType = sourcecode.c.h; path = SelfieCollectionViewController.h; sourceTree = "<group>"; };
		1A7959CD19D25737005A66D3 /* SelfieCollectionViewController.m */ = {isa = PBXFileReference; lastKnownFileType = sourcecode.c.objc; path = SelfieCollectionViewController.m; sourceTree = "<group>"; };
		1A7959CF19D25737005A66D3 /* DetailViewController.h */ = {isa = PBXFileReference; lastKnownFileType = sourcecode.c.h; path = DetailViewController.h; sourceTree = "<group>"; };
		1A7959D019D25737005A66D3 /* DetailViewController.m */ = {isa = PBXFileReference; lastKnownFileType = sourcecode.c.objc; path = DetailViewController.m; sourceTree = "<group>"; };
		1A7959D319D25737005A66D3 /* Base */ = {isa = PBXFileReference; lastKnownFileType = file.storyboard; name = Base; path = Base.lproj/Main.storyboard; sourceTree = "<group>"; };
		1A7959D519D25737005A66D3 /* Images.xcassets */ = {isa = PBXFileReference; lastKnownFileType = folder.assetcatalog; path = Images.xcassets; sourceTree = "<group>"; };
		1A7959D819D25737005A66D3 /* Base */ = {isa = PBXFileReference; lastKnownFileType = file.xib; name = Base; path = Base.lproj/LaunchScreen.xib; sourceTree = "<group>"; };
		1A7959DE19D25737005A66D3 /* SelfieInstaTests.xctest */ = {isa = PBXFileReference; explicitFileType = wrapper.cfbundle; includeInIndex = 0; path = SelfieInstaTests.xctest; sourceTree = BUILT_PRODUCTS_DIR; };
		1A7959E319D25737005A66D3 /* Info.plist */ = {isa = PBXFileReference; lastKnownFileType = text.plist.xml; path = Info.plist; sourceTree = "<group>"; };
		1A7959E419D25737005A66D3 /* SelfieInstaTests.m */ = {isa = PBXFileReference; lastKnownFileType = sourcecode.c.objc; path = SelfieInstaTests.m; sourceTree = "<group>"; };
/* End PBXFileReference section */

/* Begin PBXFrameworksBuildPhase section */
		1A7959BF19D25737005A66D3 /* Frameworks */ = {
			isa = PBXFrameworksBuildPhase;
			buildActionMask = 2147483647;
			files = (
			);
			runOnlyForDeploymentPostprocessing = 0;
		};
		1A7959DB19D25737005A66D3 /* Frameworks */ = {
			isa = PBXFrameworksBuildPhase;
			buildActionMask = 2147483647;
			files = (
			);
			runOnlyForDeploymentPostprocessing = 0;
		};
/* End PBXFrameworksBuildPhase section */

/* Begin PBXGroup section */
		1A10D76D19D2779F002E2B2F /* AFNetworking */ = {
			isa = PBXGroup;
			children = (
				1A10D76E19D2779F002E2B2F /* AFHTTPRequestOperation.h */,
				1A10D76F19D2779F002E2B2F /* AFHTTPRequestOperation.m */,
				1A10D77019D2779F002E2B2F /* AFHTTPRequestOperationManager.h */,
				1A10D77119D2779F002E2B2F /* AFHTTPRequestOperationManager.m */,
				1A10D77219D2779F002E2B2F /* AFHTTPSessionManager.h */,
				1A10D77319D2779F002E2B2F /* AFHTTPSessionManager.m */,
				1A10D77419D2779F002E2B2F /* AFNetworking.h */,
				1A10D77519D2779F002E2B2F /* AFNetworkReachabilityManager.h */,
				1A10D77619D2779F002E2B2F /* AFNetworkReachabilityManager.m */,
				1A10D77719D2779F002E2B2F /* AFSecurityPolicy.h */,
				1A10D77819D2779F002E2B2F /* AFSecurityPolicy.m */,
				1A10D77919D2779F002E2B2F /* AFURLConnectionOperation.h */,
				1A10D77A19D2779F002E2B2F /* AFURLConnectionOperation.m */,
				1A10D77B19D2779F002E2B2F /* AFURLRequestSerialization.h */,
				1A10D77C19D2779F002E2B2F /* AFURLRequestSerialization.m */,
				1A10D77D19D2779F002E2B2F /* AFURLResponseSerialization.h */,
				1A10D77E19D2779F002E2B2F /* AFURLResponseSerialization.m */,
				1A10D77F19D2779F002E2B2F /* AFURLSessionManager.h */,
				1A10D78019D2779F002E2B2F /* AFURLSessionManager.m */,
			);
			path = AFNetworking;
			sourceTree = "<group>";
		};
		1A217CFC19D25AD40028C7D5 /* Models */ = {
			isa = PBXGroup;
			children = (
				1A10D78A19D27B88002E2B2F /* IGImageModel.h */,
				1A10D78B19D27B88002E2B2F /* IGImageModel.m */,
				1A10D78D19D27BC6002E2B2F /* ResolutionModel.h */,
				1A10D78E19D27BC6002E2B2F /* ResolutionModel.m */,
			);
			name = Models;
			sourceTree = "<group>";
		};
		1A217CFD19D25AE50028C7D5 /* Manager */ = {
			isa = PBXGroup;
			children = (
				1A10D76D19D2779F002E2B2F /* AFNetworking */,
				1A217CFE19D25B1C0028C7D5 /* APIManager.h */,
				1A217CFF19D25B1C0028C7D5 /* APIManager.m */,
			);
			name = Manager;
			sourceTree = "<group>";
		};
		1A7959B919D25737005A66D3 = {
			isa = PBXGroup;
			children = (
				1A7959C419D25737005A66D3 /* SelfieInsta */,
				1A7959E119D25737005A66D3 /* SelfieInstaTests */,
				1A7959C319D25737005A66D3 /* Products */,
			);
			sourceTree = "<group>";
		};
		1A7959C319D25737005A66D3 /* Products */ = {
			isa = PBXGroup;
			children = (
				1A7959C219D25737005A66D3 /* SelfieInsta.app */,
				1A7959DE19D25737005A66D3 /* SelfieInstaTests.xctest */,
			);
			name = Products;
			sourceTree = "<group>";
		};
		1A7959C419D25737005A66D3 /* SelfieInsta */ = {
			isa = PBXGroup;
			children = (
				1A217CFD19D25AE50028C7D5 /* Manager */,
				1A217CFC19D25AD40028C7D5 /* Models */,
				1A7959C919D25737005A66D3 /* AppDelegate.h */,
				1A7959CA19D25737005A66D3 /* AppDelegate.m */,
				1A7959CC19D25737005A66D3 /* SelfieCollectionViewController.h */,
				1A7959CD19D25737005A66D3 /* SelfieCollectionViewController.m */,
				1A7959CF19D25737005A66D3 /* DetailViewController.h */,
				1A7959D019D25737005A66D3 /* DetailViewController.m */,
				1A10D79319D28E41002E2B2F /* IGCell.h */,
				1A10D79419D28E41002E2B2F /* IGCell.m */,
				1A7959D219D25737005A66D3 /* Main.storyboard */,
				1A7959D519D25737005A66D3 /* Images.xcassets */,
				1A7959D719D25737005A66D3 /* LaunchScreen.xib */,
				1A7959C519D25737005A66D3 /* Supporting Files */,
			);
			path = SelfieInsta;
			sourceTree = "<group>";
		};
		1A7959C519D25737005A66D3 /* Supporting Files */ = {
			isa = PBXGroup;
			children = (
				1A7959C619D25737005A66D3 /* Info.plist */,
				1A7959C719D25737005A66D3 /* main.m */,
			);
			name = "Supporting Files";
			sourceTree = "<group>";
		};
		1A7959E119D25737005A66D3 /* SelfieInstaTests */ = {
			isa = PBXGroup;
			children = (
				1A7959E419D25737005A66D3 /* SelfieInstaTests.m */,
				1A7959E219D25737005A66D3 /* Supporting Files */,
			);
			path = SelfieInstaTests;
			sourceTree = "<group>";
		};
		1A7959E219D25737005A66D3 /* Supporting Files */ = {
			isa = PBXGroup;
			children = (
				1A7959E319D25737005A66D3 /* Info.plist */,
			);
			name = "Supporting Files";
			sourceTree = "<group>";
		};
/* End PBXGroup section */

/* Begin PBXNativeTarget section */
		1A7959C119D25737005A66D3 /* SelfieInsta */ = {
			isa = PBXNativeTarget;
			buildConfigurationList = 1A7959E819D25737005A66D3 /* Build configuration list for PBXNativeTarget "SelfieInsta" */;
			buildPhases = (
				1A7959BE19D25737005A66D3 /* Sources */,
				1A7959BF19D25737005A66D3 /* Frameworks */,
				1A7959C019D25737005A66D3 /* Resources */,
			);
			buildRules = (
			);
			dependencies = (
			);
			name = SelfieInsta;
			productName = SelfieInsta;
			productReference = 1A7959C219D25737005A66D3 /* SelfieInsta.app */;
			productType = "com.apple.product-type.application";
		};
		1A7959DD19D25737005A66D3 /* SelfieInstaTests */ = {
			isa = PBXNativeTarget;
			buildConfigurationList = 1A7959EB19D25737005A66D3 /* Build configuration list for PBXNativeTarget "SelfieInstaTests" */;
			buildPhases = (
				1A7959DA19D25737005A66D3 /* Sources */,
				1A7959DB19D25737005A66D3 /* Frameworks */,
				1A7959DC19D25737005A66D3 /* Resources */,
			);
			buildRules = (
			);
			dependencies = (
				1A7959E019D25737005A66D3 /* PBXTargetDependency */,
			);
			name = SelfieInstaTests;
			productName = SelfieInstaTests;
			productReference = 1A7959DE19D25737005A66D3 /* SelfieInstaTests.xctest */;
			productType = "com.apple.product-type.bundle.unit-test";
		};
/* End PBXNativeTarget section */

/* Begin PBXProject section */
		1A7959BA19D25737005A66D3 /* Project object */ = {
			isa = PBXProject;
			attributes = {
				LastUpgradeCheck = 0600;
				ORGANIZATIONNAME = kamlesh;
				TargetAttributes = {
					1A7959C119D25737005A66D3 = {
						CreatedOnToolsVersion = 6.0;
					};
					1A7959DD19D25737005A66D3 = {
						CreatedOnToolsVersion = 6.0;
						TestTargetID = 1A7959C119D25737005A66D3;
					};
				};
			};
			buildConfigurationList = 1A7959BD19D25737005A66D3 /* Build configuration list for PBXProject "SelfieInsta" */;
			compatibilityVersion = "Xcode 3.2";
			developmentRegion = English;
			hasScannedForEncodings = 0;
			knownRegions = (
				en,
				Base,
			);
			mainGroup = 1A7959B919D25737005A66D3;
			productRefGroup = 1A7959C319D25737005A66D3 /* Products */;
			projectDirPath = "";
			projectRoot = "";
			targets = (
				1A7959C119D25737005A66D3 /* SelfieInsta */,
				1A7959DD19D25737005A66D3 /* SelfieInstaTests */,
			);
		};
/* End PBXProject section */

/* Begin PBXResourcesBuildPhase section */
		1A7959C019D25737005A66D3 /* Resources */ = {
			isa = PBXResourcesBuildPhase;
			buildActionMask = 2147483647;
			files = (
				1A7959D419D25737005A66D3 /* Main.storyboard in Resources */,
				1A7959D919D25737005A66D3 /* LaunchScreen.xib in Resources */,
				1A7959D619D25737005A66D3 /* Images.xcassets in Resources */,
			);
			runOnlyForDeploymentPostprocessing = 0;
		};
		1A7959DC19D25737005A66D3 /* Resources */ = {
			isa = PBXResourcesBuildPhase;
			buildActionMask = 2147483647;
			files = (
			);
			runOnlyForDeploymentPostprocessing = 0;
		};
/* End PBXResourcesBuildPhase section */

/* Begin PBXSourcesBuildPhase section */
		1A7959BE19D25737005A66D3 /* Sources */ = {
			isa = PBXSourcesBuildPhase;
			buildActionMask = 2147483647;
			files = (
				1A10D78619D2779F002E2B2F /* AFURLConnectionOperation.m in Sources */,
				1A10D78F19D27BC6002E2B2F /* ResolutionModel.m in Sources */,
				1A10D78119D2779F002E2B2F /* AFHTTPRequestOperation.m in Sources */,
				1A10D78419D2779F002E2B2F /* AFNetworkReachabilityManager.m in Sources */,
				1A10D78919D2779F002E2B2F /* AFURLSessionManager.m in Sources */,
				1A10D79519D28E41002E2B2F /* IGCell.m in Sources */,
				1A10D78719D2779F002E2B2F /* AFURLRequestSerialization.m in Sources */,
				1A10D78C19D27B88002E2B2F /* IGImageModel.m in Sources */,
				1A7959CB19D25737005A66D3 /* AppDelegate.m in Sources */,
				1A10D78819D2779F002E2B2F /* AFURLResponseSerialization.m in Sources */,
				1A7959CE19D25737005A66D3 /* SelfieCollectionViewController.m in Sources */,
				1A7959C819D25737005A66D3 /* main.m in Sources */,
				1A10D78219D2779F002E2B2F /* AFHTTPRequestOperationManager.m in Sources */,
				1A10D78519D2779F002E2B2F /* AFSecurityPolicy.m in Sources */,
				1A7959D119D25737005A66D3 /* DetailViewController.m in Sources */,
				1A217D0019D25B1C0028C7D5 /* APIManager.m in Sources */,
				1A10D78319D2779F002E2B2F /* AFHTTPSessionManager.m in Sources */,
			);
			runOnlyForDeploymentPostprocessing = 0;
		};
		1A7959DA19D25737005A66D3 /* Sources */ = {
			isa = PBXSourcesBuildPhase;
			buildActionMask = 2147483647;
			files = (
				1A7959E519D25737005A66D3 /* SelfieInstaTests.m in Sources */,
			);
			runOnlyForDeploymentPostprocessing = 0;
		};
/* End PBXSourcesBuildPhase section */

/* Begin PBXTargetDependency section */
		1A7959E019D25737005A66D3 /* PBXTargetDependency */ = {
			isa = PBXTargetDependency;
			target = 1A7959C119D25737005A66D3 /* SelfieInsta */;
			targetProxy = 1A7959DF19D25737005A66D3 /* PBXContainerItemProxy */;
		};
/* End PBXTargetDependency section */

/* Begin PBXVariantGroup section */
		1A7959D219D25737005A66D3 /* Main.storyboard */ = {
			isa = PBXVariantGroup;
			children = (
				1A7959D319D25737005A66D3 /* Base */,
			);
			name = Main.storyboard;
			sourceTree = "<group>";
		};
		1A7959D719D25737005A66D3 /* LaunchScreen.xib */ = {
			isa = PBXVariantGroup;
			children = (
				1A7959D819D25737005A66D3 /* Base */,
			);
			name = LaunchScreen.xib;
			sourceTree = "<group>";
		};
/* End PBXVariantGroup section */

/* Begin XCBuildConfiguration section */
		1A7959E619D25737005A66D3 /* Debug */ = {
			isa = XCBuildConfiguration;
			buildSettings = {
				ALWAYS_SEARCH_USER_PATHS = NO;
				CLANG_CXX_LANGUAGE_STANDARD = "gnu++0x";
				CLANG_CXX_LIBRARY = "libc++";
				CLANG_ENABLE_MODULES = YES;
				CLANG_ENABLE_OBJC_ARC = YES;
				CLANG_WARN_BOOL_CONVERSION = YES;
				CLANG_WARN_CONSTANT_CONVERSION = YES;
				CLANG_WARN_DIRECT_OBJC_ISA_USAGE = YES_ERROR;
				CLANG_WARN_EMPTY_BODY = YES;
				CLANG_WARN_ENUM_CONVERSION = YES;
				CLANG_WARN_INT_CONVERSION = YES;
				CLANG_WARN_OBJC_ROOT_CLASS = YES_ERROR;
				CLANG_WARN_UNREACHABLE_CODE = YES;
				CLANG_WARN__DUPLICATE_METHOD_MATCH = YES;
				"CODE_SIGN_IDENTITY[sdk=iphoneos*]" = "iPhone Developer";
				COPY_PHASE_STRIP = NO;
				ENABLE_STRICT_OBJC_MSGSEND = YES;
				GCC_C_LANGUAGE_STANDARD = gnu99;
				GCC_DYNAMIC_NO_PIC = NO;
				GCC_OPTIMIZATION_LEVEL = 0;
				GCC_PREPROCESSOR_DEFINITIONS = (
					"DEBUG=1",
					"$(inherited)",
				);
				GCC_SYMBOLS_PRIVATE_EXTERN = NO;
				GCC_WARN_64_TO_32_BIT_CONVERSION = YES;
				GCC_WARN_ABOUT_RETURN_TYPE = YES_ERROR;
				GCC_WARN_UNDECLARED_SELECTOR = YES;
				GCC_WARN_UNINITIALIZED_AUTOS = YES_AGGRESSIVE;
				GCC_WARN_UNUSED_FUNCTION = YES;
				GCC_WARN_UNUSED_VARIABLE = YES;
				IPHONEOS_DEPLOYMENT_TARGET = 8.0;
				MTL_ENABLE_DEBUG_INFO = YES;
				ONLY_ACTIVE_ARCH = YES;
				SDKROOT = iphoneos;
			};
			name = Debug;
		};
		1A7959E719D25737005A66D3 /* Release */ = {
			isa = XCBuildConfiguration;
			buildSettings = {
				ALWAYS_SEARCH_USER_PATHS = NO;
				CLANG_CXX_LANGUAGE_STANDARD = "gnu++0x";
				CLANG_CXX_LIBRARY = "libc++";
				CLANG_ENABLE_MODULES = YES;
				CLANG_ENABLE_OBJC_ARC = YES;
				CLANG_WARN_BOOL_CONVERSION = YES;
				CLANG_WARN_CONSTANT_CONVERSION = YES;
				CLANG_WARN_DIRECT_OBJC_ISA_USAGE = YES_ERROR;
				CLANG_WARN_EMPTY_BODY = YES;
				CLANG_WARN_ENUM_CONVERSION = YES;
				CLANG_WARN_INT_CONVERSION = YES;
				CLANG_WARN_OBJC_ROOT_CLASS = YES_ERROR;
				CLANG_WARN_UNREACHABLE_CODE = YES;
				CLANG_WARN__DUPLICATE_METHOD_MATCH = YES;
				"CODE_SIGN_IDENTITY[sdk=iphoneos*]" = "iPhone Developer";
				COPY_PHASE_STRIP = YES;
				ENABLE_NS_ASSERTIONS = NO;
				ENABLE_STRICT_OBJC_MSGSEND = YES;
				GCC_C_LANGUAGE_STANDARD = gnu99;
				GCC_WARN_64_TO_32_BIT_CONVERSION = YES;
				GCC_WARN_ABOUT_RETURN_TYPE = YES_ERROR;
				GCC_WARN_UNDECLARED_SELECTOR = YES;
				GCC_WARN_UNINITIALIZED_AUTOS = YES_AGGRESSIVE;
				GCC_WARN_UNUSED_FUNCTION = YES;
				GCC_WARN_UNUSED_VARIABLE = YES;
				IPHONEOS_DEPLOYMENT_TARGET = 8.0;
				MTL_ENABLE_DEBUG_INFO = NO;
				SDKROOT = iphoneos;
				VALIDATE_PRODUCT = YES;
			};
			name = Release;
		};
		1A7959E919D25737005A66D3 /* Debug */ = {
			isa = XCBuildConfiguration;
			buildSettings = {
				ASSETCATALOG_COMPILER_APPICON_NAME = AppIcon;
				INFOPLIST_FILE = SelfieInsta/Info.plist;
				IPHONEOS_DEPLOYMENT_TARGET = 7.0;
				LD_RUNPATH_SEARCH_PATHS = "$(inherited) @executable_path/Frameworks";
				PRODUCT_NAME = "$(TARGET_NAME)";
			};
			name = Debug;
		};
		1A7959EA19D25737005A66D3 /* Release */ = {
			isa = XCBuildConfiguration;
			buildSettings = {
				ASSETCATALOG_COMPILER_APPICON_NAME = AppIcon;
				INFOPLIST_FILE = SelfieInsta/Info.plist;
				IPHONEOS_DEPLOYMENT_TARGET = 7.0;
				LD_RUNPATH_SEARCH_PATHS = "$(inherited) @executable_path/Frameworks";
				PRODUCT_NAME = "$(TARGET_NAME)";
			};
			name = Release;
		};
		1A7959EC19D25737005A66D3 /* Debug */ = {
			isa = XCBuildConfiguration;
			buildSettings = {
				BUNDLE_LOADER = "$(TEST_HOST)";
				FRAMEWORK_SEARCH_PATHS = (
					"$(SDKROOT)/Developer/Library/Frameworks",
					"$(inherited)",
				);
				GCC_PREPROCESSOR_DEFINITIONS = (
					"DEBUG=1",
					"$(inherited)",
				);
				INFOPLIST_FILE = SelfieInstaTests/Info.plist;
				LD_RUNPATH_SEARCH_PATHS = "$(inherited) @executable_path/Frameworks @loader_path/Frameworks";
				PRODUCT_NAME = "$(TARGET_NAME)";
				TEST_HOST = "$(BUILT_PRODUCTS_DIR)/SelfieInsta.app/SelfieInsta";
			};
			name = Debug;
		};
		1A7959ED19D25737005A66D3 /* Release */ = {
			isa = XCBuildConfiguration;
			buildSettings = {
				BUNDLE_LOADER = "$(TEST_HOST)";
				FRAMEWORK_SEARCH_PATHS = (
					"$(SDKROOT)/Developer/Library/Frameworks",
					"$(inherited)",
				);
				INFOPLIST_FILE = SelfieInstaTests/Info.plist;
				LD_RUNPATH_SEARCH_PATHS = "$(inherited) @executable_path/Frameworks @loader_path/Frameworks";
				PRODUCT_NAME = "$(TARGET_NAME)";
				TEST_HOST = "$(BUILT_PRODUCTS_DIR)/SelfieInsta.app/SelfieInsta";
			};
			name = Release;
		};
/* End XCBuildConfiguration section */

/* Begin XCConfigurationList section */
		1A7959BD19D25737005A66D3 /* Build configuration list for PBXProject "SelfieInsta" */ = {
			isa = XCConfigurationList;
			buildConfigurations = (
				1A7959E619D25737005A66D3 /* Debug */,
				1A7959E719D25737005A66D3 /* Release */,
			);
			defaultConfigurationIsVisible = 0;
			defaultConfigurationName = Release;
		};
		1A7959E819D25737005A66D3 /* Build configuration list for PBXNativeTarget "SelfieInsta" */ = {
			isa = XCConfigurationList;
			buildConfigurations = (
				1A7959E919D25737005A66D3 /* Debug */,
				1A7959EA19D25737005A66D3 /* Release */,
			);
			defaultConfigurationIsVisible = 0;
			defaultConfigurationName = Release;
		};
		1A7959EB19D25737005A66D3 /* Build configuration list for PBXNativeTarget "SelfieInstaTests" */ = {
			isa = XCConfigurationList;
			buildConfigurations = (
				1A7959EC19D25737005A66D3 /* Debug */,
				1A7959ED19D25737005A66D3 /* Release */,
			);
			defaultConfigurationIsVisible = 0;
			defaultConfigurationName = Release;
		};
/* End XCConfigurationList section */
	};
	rootObject = 1A7959BA19D25737005A66D3 /* Project object */;
}
